// !$*UTF8*$!
{
	archiveVersion = 1;
	classes = {
	};
	objectVersion = 51;
	objects = {

/* Begin PBXBuildFile section */
		26B6BCF425F1DFFEA225A0A1 /* Pods_Swift6ChatApp1.framework in Frameworks */ = {isa = PBXBuildFile; fileRef = 0573C56B2B6C2A19E8246216 /* Pods_Swift6ChatApp1.framework */; };
		53062CA926D76ADF00856EE5 /* AppDelegate.swift in Sources */ = {isa = PBXBuildFile; fileRef = 53062CA826D76ADF00856EE5 /* AppDelegate.swift */; };
		53062CAB26D76ADF00856EE5 /* SceneDelegate.swift in Sources */ = {isa = PBXBuildFile; fileRef = 53062CAA26D76ADF00856EE5 /* SceneDelegate.swift */; };
		53062CAD26D76ADF00856EE5 /* ViewController.swift in Sources */ = {isa = PBXBuildFile; fileRef = 53062CAC26D76ADF00856EE5 /* ViewController.swift */; };
		53062CB026D76ADF00856EE5 /* Main.storyboard in Resources */ = {isa = PBXBuildFile; fileRef = 53062CAE26D76ADF00856EE5 /* Main.storyboard */; };
		53062CB226D76AE000856EE5 /* Assets.xcassets in Resources */ = {isa = PBXBuildFile; fileRef = 53062CB126D76AE000856EE5 /* Assets.xcassets */; };
		53062CB526D76AE000856EE5 /* LaunchScreen.storyboard in Resources */ = {isa = PBXBuildFile; fileRef = 53062CB326D76AE000856EE5 /* LaunchScreen.storyboard */; };
		538F722626D77112008026B2 /* GoogleService-Info.plist in Resources */ = {isa = PBXBuildFile; fileRef = 538F722526D77112008026B2 /* GoogleService-Info.plist */; };
		538F722A26D7723F008026B2 /* RegisterViewController.swift in Sources */ = {isa = PBXBuildFile; fileRef = 538F722926D7723F008026B2 /* RegisterViewController.swift */; };
		538F722C26D77269008026B2 /* CheckPermission.swift in Sources */ = {isa = PBXBuildFile; fileRef = 538F722B26D77269008026B2 /* CheckPermission.swift */; };
		538F722E26D778EE008026B2 /* SendToDBModel.swift in Sources */ = {isa = PBXBuildFile; fileRef = 538F722D26D778EE008026B2 /* SendToDBModel.swift */; };
		538F723026D78397008026B2 /* TabBarController.swift in Sources */ = {isa = PBXBuildFile; fileRef = 538F722F26D78397008026B2 /* TabBarController.swift */; };
		538F723226D78400008026B2 /* ChatViewController.swift in Sources */ = {isa = PBXBuildFile; fileRef = 538F723126D78400008026B2 /* ChatViewController.swift */; };
		538F723426D78931008026B2 /* Message.swift in Sources */ = {isa = PBXBuildFile; fileRef = 538F723326D78931008026B2 /* Message.swift */; };
		538F723726D78D18008026B2 /* MessageCell.swift in Sources */ = {isa = PBXBuildFile; fileRef = 538F723526D78D18008026B2 /* MessageCell.swift */; };
		538F723826D78D18008026B2 /* MessageCell.xib in Resources */ = {isa = PBXBuildFile; fileRef = 538F723626D78D18008026B2 /* MessageCell.xib */; };
		538F723A26D792B7008026B2 /* RoomViewController.swift in Sources */ = {isa = PBXBuildFile; fileRef = 538F723926D792B7008026B2 /* RoomViewController.swift */; };
		538F723C26D79558008026B2 /* RoomModel.swift in Sources */ = {isa = PBXBuildFile; fileRef = 538F723B26D79558008026B2 /* RoomModel.swift */; };
/* End PBXBuildFile section */

/* Begin PBXFileReference section */
		0113B84A4ADEE994A001F690 /* Pods-Swift6ChatApp1.release.xcconfig */ = {isa = PBXFileReference; includeInIndex = 1; lastKnownFileType = text.xcconfig; name = "Pods-Swift6ChatApp1.release.xcconfig"; path = "Target Support Files/Pods-Swift6ChatApp1/Pods-Swift6ChatApp1.release.xcconfig"; sourceTree = "<group>"; };
		0573C56B2B6C2A19E8246216 /* Pods_Swift6ChatApp1.framework */ = {isa = PBXFileReference; explicitFileType = wrapper.framework; includeInIndex = 0; path = Pods_Swift6ChatApp1.framework; sourceTree = BUILT_PRODUCTS_DIR; };
		53062CA526D76ADF00856EE5 /* Swift6ChatApp1.app */ = {isa = PBXFileReference; explicitFileType = wrapper.application; includeInIndex = 0; path = Swift6ChatApp1.app; sourceTree = BUILT_PRODUCTS_DIR; };
		53062CA826D76ADF00856EE5 /* AppDelegate.swift */ = {isa = PBXFileReference; lastKnownFileType = sourcecode.swift; path = AppDelegate.swift; sourceTree = "<group>"; };
		53062CAA26D76ADF00856EE5 /* SceneDelegate.swift */ = {isa = PBXFileReference; lastKnownFileType = sourcecode.swift; path = SceneDelegate.swift; sourceTree = "<group>"; };
		53062CAC26D76ADF00856EE5 /* ViewController.swift */ = {isa = PBXFileReference; lastKnownFileType = sourcecode.swift; path = ViewController.swift; sourceTree = "<group>"; };
		53062CAF26D76ADF00856EE5 /* Base */ = {isa = PBXFileReference; lastKnownFileType = file.storyboard; name = Base; path = Base.lproj/Main.storyboard; sourceTree = "<group>"; };
		53062CB126D76AE000856EE5 /* Assets.xcassets */ = {isa = PBXFileReference; lastKnownFileType = folder.assetcatalog; path = Assets.xcassets; sourceTree = "<group>"; };
		53062CB426D76AE000856EE5 /* Base */ = {isa = PBXFileReference; lastKnownFileType = file.storyboard; name = Base; path = Base.lproj/LaunchScreen.storyboard; sourceTree = "<group>"; };
		53062CB626D76AE000856EE5 /* Info.plist */ = {isa = PBXFileReference; lastKnownFileType = text.plist.xml; path = Info.plist; sourceTree = "<group>"; };
		538F722526D77112008026B2 /* GoogleService-Info.plist */ = {isa = PBXFileReference; fileEncoding = 4; lastKnownFileType = text.plist.xml; path = "GoogleService-Info.plist"; sourceTree = "<group>"; };
		538F722926D7723F008026B2 /* RegisterViewController.swift */ = {isa = PBXFileReference; lastKnownFileType = sourcecode.swift; path = RegisterViewController.swift; sourceTree = "<group>"; };
		538F722B26D77269008026B2 /* CheckPermission.swift */ = {isa = PBXFileReference; lastKnownFileType = sourcecode.swift; path = CheckPermission.swift; sourceTree = "<group>"; };
		538F722D26D778EE008026B2 /* SendToDBModel.swift */ = {isa = PBXFileReference; lastKnownFileType = sourcecode.swift; path = SendToDBModel.swift; sourceTree = "<group>"; };
		538F722F26D78397008026B2 /* TabBarController.swift */ = {isa = PBXFileReference; lastKnownFileType = sourcecode.swift; path = TabBarController.swift; sourceTree = "<group>"; };
		538F723126D78400008026B2 /* ChatViewController.swift */ = {isa = PBXFileReference; lastKnownFileType = sourcecode.swift; path = ChatViewController.swift; sourceTree = "<group>"; };
		538F723326D78931008026B2 /* Message.swift */ = {isa = PBXFileReference; lastKnownFileType = sourcecode.swift; path = Message.swift; sourceTree = "<group>"; };
		538F723526D78D18008026B2 /* MessageCell.swift */ = {isa = PBXFileReference; lastKnownFileType = sourcecode.swift; path = MessageCell.swift; sourceTree = "<group>"; };
		538F723626D78D18008026B2 /* MessageCell.xib */ = {isa = PBXFileReference; lastKnownFileType = file.xib; path = MessageCell.xib; sourceTree = "<group>"; };
		538F723926D792B7008026B2 /* RoomViewController.swift */ = {isa = PBXFileReference; lastKnownFileType = sourcecode.swift; path = RoomViewController.swift; sourceTree = "<group>"; };
		538F723B26D79558008026B2 /* RoomModel.swift */ = {isa = PBXFileReference; lastKnownFileType = sourcecode.swift; path = RoomModel.swift; sourceTree = "<group>"; };
		8CC58FDF0B262505877B0CA6 /* Pods-Swift6ChatApp1.debug.xcconfig */ = {isa = PBXFileReference; includeInIndex = 1; lastKnownFileType = text.xcconfig; name = "Pods-Swift6ChatApp1.debug.xcconfig"; path = "Target Support Files/Pods-Swift6ChatApp1/Pods-Swift6ChatApp1.debug.xcconfig"; sourceTree = "<group>"; };
/* End PBXFileReference section */

/* Begin PBXFrameworksBuildPhase section */
		53062CA226D76ADF00856EE5 /* Frameworks */ = {
			isa = PBXFrameworksBuildPhase;
			buildActionMask = 2147483647;
			files = (
				26B6BCF425F1DFFEA225A0A1 /* Pods_Swift6ChatApp1.framework in Frameworks */,
			);
			runOnlyForDeploymentPostprocessing = 0;
		};
/* End PBXFrameworksBuildPhase section */

/* Begin PBXGroup section */
		53062C9C26D76ADF00856EE5 = {
			isa = PBXGroup;
			children = (
				53062CA726D76ADF00856EE5 /* Swift6ChatApp1 */,
				53062CA626D76ADF00856EE5 /* Products */,
				A85D47A40D79BD2466EA3C4B /* Pods */,
				68FFA76585F08AC945EA0757 /* Frameworks */,
			);
			sourceTree = "<group>";
		};
		53062CA626D76ADF00856EE5 /* Products */ = {
			isa = PBXGroup;
			children = (
				53062CA526D76ADF00856EE5 /* Swift6ChatApp1.app */,
			);
			name = Products;
			sourceTree = "<group>";
		};
		53062CA726D76ADF00856EE5 /* Swift6ChatApp1 */ = {
			isa = PBXGroup;
			children = (
				53062CA826D76ADF00856EE5 /* AppDelegate.swift */,
				53062CAA26D76ADF00856EE5 /* SceneDelegate.swift */,
				538F722826D77213008026B2 /* Model */,
				538F722726D77204008026B2 /* Controller */,
				53062CAE26D76ADF00856EE5 /* Main.storyboard */,
				538F723526D78D18008026B2 /* MessageCell.swift */,
				538F723626D78D18008026B2 /* MessageCell.xib */,
				53062CB126D76AE000856EE5 /* Assets.xcassets */,
				53062CB326D76AE000856EE5 /* LaunchScreen.storyboard */,
				53062CB626D76AE000856EE5 /* Info.plist */,
				538F722526D77112008026B2 /* GoogleService-Info.plist */,
			);
			path = Swift6ChatApp1;
			sourceTree = "<group>";
		};
		538F722726D77204008026B2 /* Controller */ = {
			isa = PBXGroup;
			children = (
				53062CAC26D76ADF00856EE5 /* ViewController.swift */,
				538F722926D7723F008026B2 /* RegisterViewController.swift */,
				538F722F26D78397008026B2 /* TabBarController.swift */,
				538F723126D78400008026B2 /* ChatViewController.swift */,
				538F723926D792B7008026B2 /* RoomViewController.swift */,
			);
			path = Controller;
			sourceTree = "<group>";
		};
		538F722826D77213008026B2 /* Model */ = {
			isa = PBXGroup;
			children = (
				538F722B26D77269008026B2 /* CheckPermission.swift */,
				538F722D26D778EE008026B2 /* SendToDBModel.swift */,
				538F723326D78931008026B2 /* Message.swift */,
				538F723B26D79558008026B2 /* RoomModel.swift */,
			);
			path = Model;
			sourceTree = "<group>";
		};
		68FFA76585F08AC945EA0757 /* Frameworks */ = {
			isa = PBXGroup;
			children = (
				0573C56B2B6C2A19E8246216 /* Pods_Swift6ChatApp1.framework */,
			);
			name = Frameworks;
			sourceTree = "<group>";
		};
		A85D47A40D79BD2466EA3C4B /* Pods */ = {
			isa = PBXGroup;
			children = (
				8CC58FDF0B262505877B0CA6 /* Pods-Swift6ChatApp1.debug.xcconfig */,
				0113B84A4ADEE994A001F690 /* Pods-Swift6ChatApp1.release.xcconfig */,
			);
			path = Pods;
			sourceTree = "<group>";
		};
/* End PBXGroup section */

/* Begin PBXNativeTarget section */
		53062CA426D76ADF00856EE5 /* Swift6ChatApp1 */ = {
			isa = PBXNativeTarget;
			buildConfigurationList = 53062CB926D76AE000856EE5 /* Build configuration list for PBXNativeTarget "Swift6ChatApp1" */;
			buildPhases = (
				145F89BD9E70C8687FF783AD /* [CP] Check Pods Manifest.lock */,
				53062CA126D76ADF00856EE5 /* Sources */,
				53062CA226D76ADF00856EE5 /* Frameworks */,
				53062CA326D76ADF00856EE5 /* Resources */,
				B4E5CFED627872B1BDD38B9A /* [CP] Embed Pods Frameworks */,
			);
			buildRules = (
			);
			dependencies = (
			);
			name = Swift6ChatApp1;
			productName = Swift6ChatApp1;
			productReference = 53062CA526D76ADF00856EE5 /* Swift6ChatApp1.app */;
			productType = "com.apple.product-type.application";
		};
/* End PBXNativeTarget section */

/* Begin PBXProject section */
		53062C9D26D76ADF00856EE5 /* Project object */ = {
			isa = PBXProject;
			attributes = {
				LastSwiftUpdateCheck = 1250;
				LastUpgradeCheck = 1250;
				TargetAttributes = {
					53062CA426D76ADF00856EE5 = {
						CreatedOnToolsVersion = 12.5.1;
					};
				};
			};
			buildConfigurationList = 53062CA026D76ADF00856EE5 /* Build configuration list for PBXProject "Swift6ChatApp1" */;
			compatibilityVersion = "Xcode 9.3";
			developmentRegion = en;
			hasScannedForEncodings = 0;
			knownRegions = (
				en,
				Base,
			);
			mainGroup = 53062C9C26D76ADF00856EE5;
			productRefGroup = 53062CA626D76ADF00856EE5 /* Products */;
			projectDirPath = "";
			projectRoot = "";
			targets = (
				53062CA426D76ADF00856EE5 /* Swift6ChatApp1 */,
			);
		};
/* End PBXProject section */

/* Begin PBXResourcesBuildPhase section */
		53062CA326D76ADF00856EE5 /* Resources */ = {
			isa = PBXResourcesBuildPhase;
			buildActionMask = 2147483647;
			files = (
				538F723826D78D18008026B2 /* MessageCell.xib in Resources */,
				53062CB526D76AE000856EE5 /* LaunchScreen.storyboard in Resources */,
				53062CB226D76AE000856EE5 /* Assets.xcassets in Resources */,
				53062CB026D76ADF00856EE5 /* Main.storyboard in Resources */,
				538F722626D77112008026B2 /* GoogleService-Info.plist in Resources */,
			);
			runOnlyForDeploymentPostprocessing = 0;
		};
/* End PBXResourcesBuildPhase section */

/* Begin PBXShellScriptBuildPhase section */
		145F89BD9E70C8687FF783AD /* [CP] Check Pods Manifest.lock */ = {
			isa = PBXShellScriptBuildPhase;
			buildActionMask = 2147483647;
			files = (
			);
			inputFileListPaths = (
			);
			inputPaths = (
				"${PODS_PODFILE_DIR_PATH}/Podfile.lock",
				"${PODS_ROOT}/Manifest.lock",
			);
			name = "[CP] Check Pods Manifest.lock";
			outputFileListPaths = (
			);
			outputPaths = (
				"$(DERIVED_FILE_DIR)/Pods-Swift6ChatApp1-checkManifestLockResult.txt",
			);
			runOnlyForDeploymentPostprocessing = 0;
			shellPath = /bin/sh;
			shellScript = "diff \"${PODS_PODFILE_DIR_PATH}/Podfile.lock\" \"${PODS_ROOT}/Manifest.lock\" > /dev/null\nif [ $? != 0 ] ; then\n    # print error to STDERR\n    echo \"error: The sandbox is not in sync with the Podfile.lock. Run 'pod install' or update your CocoaPods installation.\" >&2\n    exit 1\nfi\n# This output is used by Xcode 'outputs' to avoid re-running this script phase.\necho \"SUCCESS\" > \"${SCRIPT_OUTPUT_FILE_0}\"\n";
			showEnvVarsInLog = 0;
		};
		B4E5CFED627872B1BDD38B9A /* [CP] Embed Pods Frameworks */ = {
			isa = PBXShellScriptBuildPhase;
			buildActionMask = 2147483647;
			files = (
			);
			inputFileListPaths = (
				"${PODS_ROOT}/Target Support Files/Pods-Swift6ChatApp1/Pods-Swift6ChatApp1-frameworks-${CONFIGURATION}-input-files.xcfilelist",
			);
			name = "[CP] Embed Pods Frameworks";
			outputFileListPaths = (
				"${PODS_ROOT}/Target Support Files/Pods-Swift6ChatApp1/Pods-Swift6ChatApp1-frameworks-${CONFIGURATION}-output-files.xcfilelist",
			);
			runOnlyForDeploymentPostprocessing = 0;
			shellPath = /bin/sh;
			shellScript = "\"${PODS_ROOT}/Target Support Files/Pods-Swift6ChatApp1/Pods-Swift6ChatApp1-frameworks.sh\"\n";
			showEnvVarsInLog = 0;
		};
/* End PBXShellScriptBuildPhase section */

/* Begin PBXSourcesBuildPhase section */
		53062CA126D76ADF00856EE5 /* Sources */ = {
			isa = PBXSourcesBuildPhase;
			buildActionMask = 2147483647;
			files = (
				538F722C26D77269008026B2 /* CheckPermission.swift in Sources */,
				538F723726D78D18008026B2 /* MessageCell.swift in Sources */,
				538F722E26D778EE008026B2 /* SendToDBModel.swift in Sources */,
				538F723226D78400008026B2 /* ChatViewController.swift in Sources */,
				538F723426D78931008026B2 /* Message.swift in Sources */,
				53062CAD26D76ADF00856EE5 /* ViewController.swift in Sources */,
				538F723A26D792B7008026B2 /* RoomViewController.swift in Sources */,
				53062CA926D76ADF00856EE5 /* AppDelegate.swift in Sources */,
				538F723C26D79558008026B2 /* RoomModel.swift in Sources */,
				538F723026D78397008026B2 /* TabBarController.swift in Sources */,
				53062CAB26D76ADF00856EE5 /* SceneDelegate.swift in Sources */,
				538F722A26D7723F008026B2 /* RegisterViewController.swift in Sources */,
			);
			runOnlyForDeploymentPostprocessing = 0;
		};
/* End PBXSourcesBuildPhase section */

/* Begin PBXVariantGroup section */
		53062CAE26D76ADF00856EE5 /* Main.storyboard */ = {
			isa = PBXVariantGroup;
			children = (
				53062CAF26D76ADF00856EE5 /* Base */,
			);
			name = Main.storyboard;
			sourceTree = "<group>";
		};
		53062CB326D76AE000856EE5 /* LaunchScreen.storyboard */ = {
			isa = PBXVariantGroup;
			children = (
				53062CB426D76AE000856EE5 /* Base */,
			);
			name = LaunchScreen.storyboard;
			sourceTree = "<group>";
		};
/* End PBXVariantGroup section */

/* Begin XCBuildConfiguration section */
		53062CB726D76AE000856EE5 /* Debug */ = {
			isa = XCBuildConfiguration;
			buildSettings = {
				ALWAYS_SEARCH_USER_PATHS = NO;
				CLANG_ANALYZER_NONNULL = YES;
				CLANG_ANALYZER_NUMBER_OBJECT_CONVERSION = YES_AGGRESSIVE;
				CLANG_CXX_LANGUAGE_STANDARD = "gnu++14";
				CLANG_CXX_LIBRARY = "libc++";
				CLANG_ENABLE_MODULES = YES;
				CLANG_ENABLE_OBJC_ARC = YES;
				CLANG_ENABLE_OBJC_WEAK = YES;
				CLANG_WARN_BLOCK_CAPTURE_AUTORELEASING = YES;
				CLANG_WARN_BOOL_CONVERSION = YES;
				CLANG_WARN_COMMA = YES;
				CLANG_WARN_CONSTANT_CONVERSION = YES;
				CLANG_WARN_DEPRECATED_OBJC_IMPLEMENTATIONS = YES;
				CLANG_WARN_DIRECT_OBJC_ISA_USAGE = YES_ERROR;
				CLANG_WARN_DOCUMENTATION_COMMENTS = YES;
				CLANG_WARN_EMPTY_BODY = YES;
				CLANG_WARN_ENUM_CONVERSION = YES;
				CLANG_WARN_INFINITE_RECURSION = YES;
				CLANG_WARN_INT_CONVERSION = YES;
				CLANG_WARN_NON_LITERAL_NULL_CONVERSION = YES;
				CLANG_WARN_OBJC_IMPLICIT_RETAIN_SELF = YES;
				CLANG_WARN_OBJC_LITERAL_CONVERSION = YES;
				CLANG_WARN_OBJC_ROOT_CLASS = YES_ERROR;
				CLANG_WARN_QUOTED_INCLUDE_IN_FRAMEWORK_HEADER = YES;
				CLANG_WARN_RANGE_LOOP_ANALYSIS = YES;
				CLANG_WARN_STRICT_PROTOTYPES = YES;
				CLANG_WARN_SUSPICIOUS_MOVE = YES;
				CLANG_WARN_UNGUARDED_AVAILABILITY = YES_AGGRESSIVE;
				CLANG_WARN_UNREACHABLE_CODE = YES;
				CLANG_WARN__DUPLICATE_METHOD_MATCH = YES;
				COPY_PHASE_STRIP = NO;
				DEBUG_INFORMATION_FORMAT = dwarf;
				ENABLE_STRICT_OBJC_MSGSEND = YES;
				ENABLE_TESTABILITY = YES;
				GCC_C_LANGUAGE_STANDARD = gnu11;
				GCC_DYNAMIC_NO_PIC = NO;
				GCC_NO_COMMON_BLOCKS = YES;
				GCC_OPTIMIZATION_LEVEL = 0;
				GCC_PREPROCESSOR_DEFINITIONS = (
					"DEBUG=1",
					"$(inherited)",
				);
				GCC_WARN_64_TO_32_BIT_CONVERSION = YES;
				GCC_WARN_ABOUT_RETURN_TYPE = YES_ERROR;
				GCC_WARN_UNDECLARED_SELECTOR = YES;
				GCC_WARN_UNINITIALIZED_AUTOS = YES_AGGRESSIVE;
				GCC_WARN_UNUSED_FUNCTION = YES;
				GCC_WARN_UNUSED_VARIABLE = YES;
				IPHONEOS_DEPLOYMENT_TARGET = 14.5;
				MTL_ENABLE_DEBUG_INFO = INCLUDE_SOURCE;
				MTL_FAST_MATH = YES;
				ONLY_ACTIVE_ARCH = YES;
				SDKROOT = iphoneos;
				SWIFT_ACTIVE_COMPILATION_CONDITIONS = DEBUG;
				SWIFT_OPTIMIZATION_LEVEL = "-Onone";
			};
			name = Debug;
		};
		53062CB826D76AE000856EE5 /* Release */ = {
			isa = XCBuildConfiguration;
			buildSettings = {
				ALWAYS_SEARCH_USER_PATHS = NO;
				CLANG_ANALYZER_NONNULL = YES;
				CLANG_ANALYZER_NUMBER_OBJECT_CONVERSION = YES_AGGRESSIVE;
				CLANG_CXX_LANGUAGE_STANDARD = "gnu++14";
				CLANG_CXX_LIBRARY = "libc++";
				CLANG_ENABLE_MODULES = YES;
				CLANG_ENABLE_OBJC_ARC = YES;
				CLANG_ENABLE_OBJC_WEAK = YES;
				CLANG_WARN_BLOCK_CAPTURE_AUTORELEASING = YES;
				CLANG_WARN_BOOL_CONVERSION = YES;
				CLANG_WARN_COMMA = YES;
				CLANG_WARN_CONSTANT_CONVERSION = YES;
				CLANG_WARN_DEPRECATED_OBJC_IMPLEMENTATIONS = YES;
				CLANG_WARN_DIRECT_OBJC_ISA_USAGE = YES_ERROR;
				CLANG_WARN_DOCUMENTATION_COMMENTS = YES;
				CLANG_WARN_EMPTY_BODY = YES;
				CLANG_WARN_ENUM_CONVERSION = YES;
				CLANG_WARN_INFINITE_RECURSION = YES;
				CLANG_WARN_INT_CONVERSION = YES;
				CLANG_WARN_NON_LITERAL_NULL_CONVERSION = YES;
				CLANG_WARN_OBJC_IMPLICIT_RETAIN_SELF = YES;
				CLANG_WARN_OBJC_LITERAL_CONVERSION = YES;
				CLANG_WARN_OBJC_ROOT_CLASS = YES_ERROR;
				CLANG_WARN_QUOTED_INCLUDE_IN_FRAMEWORK_HEADER = YES;
				CLANG_WARN_RANGE_LOOP_ANALYSIS = YES;
				CLANG_WARN_STRICT_PROTOTYPES = YES;
				CLANG_WARN_SUSPICIOUS_MOVE = YES;
				CLANG_WARN_UNGUARDED_AVAILABILITY = YES_AGGRESSIVE;
				CLANG_WARN_UNREACHABLE_CODE = YES;
				CLANG_WARN__DUPLICATE_METHOD_MATCH = YES;
				COPY_PHASE_STRIP = NO;
				DEBUG_INFORMATION_FORMAT = "dwarf-with-dsym";
				ENABLE_NS_ASSERTIONS = NO;
				ENABLE_STRICT_OBJC_MSGSEND = YES;
				GCC_C_LANGUAGE_STANDARD = gnu11;
				GCC_NO_COMMON_BLOCKS = YES;
				GCC_WARN_64_TO_32_BIT_CONVERSION = YES;
				GCC_WARN_ABOUT_RETURN_TYPE = YES_ERROR;
				GCC_WARN_UNDECLARED_SELECTOR = YES;
				GCC_WARN_UNINITIALIZED_AUTOS = YES_AGGRESSIVE;
				GCC_WARN_UNUSED_FUNCTION = YES;
				GCC_WARN_UNUSED_VARIABLE = YES;
				IPHONEOS_DEPLOYMENT_TARGET = 14.5;
				MTL_ENABLE_DEBUG_INFO = NO;
				MTL_FAST_MATH = YES;
				SDKROOT = iphoneos;
				SWIFT_COMPILATION_MODE = wholemodule;
				SWIFT_OPTIMIZATION_LEVEL = "-O";
				VALIDATE_PRODUCT = YES;
			};
			name = Release;
		};
		53062CBA26D76AE000856EE5 /* Debug */ = {
			isa = XCBuildConfiguration;
			baseConfigurationReference = 8CC58FDF0B262505877B0CA6 /* Pods-Swift6ChatApp1.debug.xcconfig */;
			buildSettings = {
				ASSETCATALOG_COMPILER_APPICON_NAME = AppIcon;
				ASSETCATALOG_COMPILER_GLOBAL_ACCENT_COLOR_NAME = AccentColor;
				CODE_SIGN_STYLE = Automatic;
				DEVELOPMENT_TEAM = X5LBWH4CYQ;
				INFOPLIST_FILE = Swift6ChatApp1/Info.plist;
				LD_RUNPATH_SEARCH_PATHS = (
					"$(inherited)",
					"@executable_path/Frameworks",
				);
				PRODUCT_BUNDLE_IDENTIFIER = com.hiroakiapp.Swift6ChatApp1;
				PRODUCT_NAME = "$(TARGET_NAME)";
				SWIFT_VERSION = 5.0;
				TARGETED_DEVICE_FAMILY = 1;
			};
			name = Debug;
		};
		53062CBB26D76AE000856EE5 /* Release */ = {
			isa = XCBuildConfiguration;
			baseConfigurationReference = 0113B84A4ADEE994A001F690 /* Pods-Swift6ChatApp1.release.xcconfig */;
			buildSettings = {
				ASSETCATALOG_COMPILER_APPICON_NAME = AppIcon;
				ASSETCATALOG_COMPILER_GLOBAL_ACCENT_COLOR_NAME = AccentColor;
				CODE_SIGN_STYLE = Automatic;
				DEVELOPMENT_TEAM = X5LBWH4CYQ;
				INFOPLIST_FILE = Swift6ChatApp1/Info.plist;
				LD_RUNPATH_SEARCH_PATHS = (
					"$(inherited)",
					"@executable_path/Frameworks",
				);
				PRODUCT_BUNDLE_IDENTIFIER = com.hiroakiapp.Swift6ChatApp1;
				PRODUCT_NAME = "$(TARGET_NAME)";
				SWIFT_VERSION = 5.0;
				TARGETED_DEVICE_FAMILY = 1;
			};
			name = Release;
		};
/* End XCBuildConfiguration section */

/* Begin XCConfigurationList section */
		53062CA026D76ADF00856EE5 /* Build configuration list for PBXProject "Swift6ChatApp1" */ = {
			isa = XCConfigurationList;
			buildConfigurations = (
				53062CB726D76AE000856EE5 /* Debug */,
				53062CB826D76AE000856EE5 /* Release */,
			);
			defaultConfigurationIsVisible = 0;
			defaultConfigurationName = Release;
		};
		53062CB926D76AE000856EE5 /* Build configuration list for PBXNativeTarget "Swift6ChatApp1" */ = {
			isa = XCConfigurationList;
			buildConfigurations = (
				53062CBA26D76AE000856EE5 /* Debug */,
				53062CBB26D76AE000856EE5 /* Release */,
			);
			defaultConfigurationIsVisible = 0;
			defaultConfigurationName = Release;
		};
/* End XCConfigurationList section */
	};
	rootObject = 53062C9D26D76ADF00856EE5 /* Project object */;
}
